{
  "name": "Drawing-Captcha-Demo",
  "lockfileVersion": 3,
  "requires": true,
  "packages": {
    "": {
      "dependencies": {
        "@drawing-captcha/drawing-captcha-frontend": "^1.0.1"
      }
    },
    "node_modules/@drawing-captcha/drawing-captcha-frontend": {
      "version": "1.0.1",
      "resolved": "https://registry.npmjs.org/@drawing-captcha/drawing-captcha-frontend/-/drawing-captcha-frontend-1.0.1.tgz",
      "integrity": "sha512-LdJystWGmdMZSrehEmBPT7h9Lu8z5kXTPpnbRgwRGL+nFw53XNySJFxK0Zg61TpjDYEuc4wsNxByQaI3syHJcg==",
      "license": "MIT"
    }
  }
}
